
Microsoft Visual Studio Solution File, Format Version 12.00
# Visual Studio Version 17
VisualStudioVersion = 17.11.35327.3
MinimumVisualStudioVersion = 10.0.40219.1
Project("{FAE04EC0-301F-11D3-BF4B-00C04F79EFBC}") = "LauncherC#", "Loader\LauncherC#.csproj", "{09F501C6-DC57-4CF9-AB68-F25B3E4BF56B}"
EndProject
Global
	GlobalSection(SolutionConfigurationPlatforms) = preSolution
		Debug|Any CPU = Debug|Any CPU
		Release|Any CPU = Release|Any CPU
	EndGlobalSection
	GlobalSection(ProjectConfigurationPlatforms) = postSolution
		{09F501C6-DC57-4CF9-AB68-F25B3E4BF56B}.Debug|Any CPU.ActiveCfg = Debug|Any CPU
		{09F501C6-DC57-4CF9-AB68-F25B3E4BF56B}.Debug|Any CPU.Build.0 = Debug|Any CPU
		{09F501C6-DC57-4CF9-AB68-F25B3E4BF56B}.Release|Any CPU.ActiveCfg = Release|Any CPU
		{09F501C6-DC57-4CF9-AB68-F25B3E4BF56B}.Release|Any CPU.Build.0 = Release|Any CPU
	EndGlobalSection
	GlobalSection(SolutionProperties) = preSolution
		HideSolutionNode = FALSE
	EndGlobalSection
	GlobalSection(ExtensibilityGlobals) = postSolution
		SolutionGuid = {D07AF604-EB98-4349-8472-7D41CD6B12E8}
	EndGlobalSection
EndGlobal
